// !$*UTF8*$!
{
	archiveVersion = 1;
	classes = {
	};
	objectVersion = 51;
	objects = {

/* Begin PBXBuildFile section */
		48AF7F47AD05098B2A4D748A /* Pods_ParstagramTests.framework in Frameworks */ = {isa = PBXBuildFile; fileRef = FC5A47969864E9804581EE22 /* Pods_ParstagramTests.framework */; };
		8EC49C45BCF13AD905574D48 /* Pods_Parstagram_ParstagramUITests.framework in Frameworks */ = {isa = PBXBuildFile; fileRef = 1E8DCFD11D6F9AA736B3C4F2 /* Pods_Parstagram_ParstagramUITests.framework */; };
		A93A42341A1C4EB6485497C1 /* Pods_Parstagram.framework in Frameworks */ = {isa = PBXBuildFile; fileRef = BDDBFA9DFBB37F21B28638EE /* Pods_Parstagram.framework */; };
		D91A330B23B6693D002128ED /* AppDelegate.swift in Sources */ = {isa = PBXBuildFile; fileRef = D91A330A23B6693D002128ED /* AppDelegate.swift */; };
		D91A330D23B6693D002128ED /* SceneDelegate.swift in Sources */ = {isa = PBXBuildFile; fileRef = D91A330C23B6693D002128ED /* SceneDelegate.swift */; };
		D91A331223B6693D002128ED /* Main.storyboard in Resources */ = {isa = PBXBuildFile; fileRef = D91A331023B6693D002128ED /* Main.storyboard */; };
		D91A331423B66941002128ED /* Assets.xcassets in Resources */ = {isa = PBXBuildFile; fileRef = D91A331323B66941002128ED /* Assets.xcassets */; };
		D91A331723B66941002128ED /* LaunchScreen.storyboard in Resources */ = {isa = PBXBuildFile; fileRef = D91A331523B66941002128ED /* LaunchScreen.storyboard */; };
		D91A332223B66942002128ED /* ParstagramTests.swift in Sources */ = {isa = PBXBuildFile; fileRef = D91A332123B66942002128ED /* ParstagramTests.swift */; };
		D91A332D23B66942002128ED /* ParstagramUITests.swift in Sources */ = {isa = PBXBuildFile; fileRef = D91A332C23B66942002128ED /* ParstagramUITests.swift */; };
		D94B329023BE90E80070176D /* LoginViewController.swift in Sources */ = {isa = PBXBuildFile; fileRef = D94B328F23BE90E80070176D /* LoginViewController.swift */; };
		D94B329223BE90F90070176D /* FeedViewController.swift in Sources */ = {isa = PBXBuildFile; fileRef = D94B329123BE90F90070176D /* FeedViewController.swift */; };
		D9A28C7D23BE9DB00091470D /* CameraViewController.swift in Sources */ = {isa = PBXBuildFile; fileRef = D9A28C7C23BE9DB00091470D /* CameraViewController.swift */; };
		D9A28C7F23BEC62E0091470D /* PostCell.swift in Sources */ = {isa = PBXBuildFile; fileRef = D9A28C7E23BEC62E0091470D /* PostCell.swift */; };
/* End PBXBuildFile section */

/* Begin PBXContainerItemProxy section */
		D91A331E23B66942002128ED /* PBXContainerItemProxy */ = {
			isa = PBXContainerItemProxy;
			containerPortal = D91A32FF23B6693D002128ED /* Project object */;
			proxyType = 1;
			remoteGlobalIDString = D91A330623B6693D002128ED;
			remoteInfo = Parstagram;
		};
		D91A332923B66942002128ED /* PBXContainerItemProxy */ = {
			isa = PBXContainerItemProxy;
			containerPortal = D91A32FF23B6693D002128ED /* Project object */;
			proxyType = 1;
			remoteGlobalIDString = D91A330623B6693D002128ED;
			remoteInfo = Parstagram;
		};
/* End PBXContainerItemProxy section */

/* Begin PBXFileReference section */
		1E8DCFD11D6F9AA736B3C4F2 /* Pods_Parstagram_ParstagramUITests.framework */ = {isa = PBXFileReference; explicitFileType = wrapper.framework; includeInIndex = 0; path = Pods_Parstagram_ParstagramUITests.framework; sourceTree = BUILT_PRODUCTS_DIR; };
		3DBBCF82A50B19D5162BCCDC /* Pods-Parstagram-ParstagramUITests.debug.xcconfig */ = {isa = PBXFileReference; includeInIndex = 1; lastKnownFileType = text.xcconfig; name = "Pods-Parstagram-ParstagramUITests.debug.xcconfig"; path = "Target Support Files/Pods-Parstagram-ParstagramUITests/Pods-Parstagram-ParstagramUITests.debug.xcconfig"; sourceTree = "<group>"; };
		496C8A57636313268375C6F2 /* Pods-Parstagram.release.xcconfig */ = {isa = PBXFileReference; includeInIndex = 1; lastKnownFileType = text.xcconfig; name = "Pods-Parstagram.release.xcconfig"; path = "Target Support Files/Pods-Parstagram/Pods-Parstagram.release.xcconfig"; sourceTree = "<group>"; };
		4FA92284A5894DA91DC28B98 /* Pods-ParstagramTests.debug.xcconfig */ = {isa = PBXFileReference; includeInIndex = 1; lastKnownFileType = text.xcconfig; name = "Pods-ParstagramTests.debug.xcconfig"; path = "Target Support Files/Pods-ParstagramTests/Pods-ParstagramTests.debug.xcconfig"; sourceTree = "<group>"; };
		A3F266DF2683501078652860 /* Pods-Parstagram.debug.xcconfig */ = {isa = PBXFileReference; includeInIndex = 1; lastKnownFileType = text.xcconfig; name = "Pods-Parstagram.debug.xcconfig"; path = "Target Support Files/Pods-Parstagram/Pods-Parstagram.debug.xcconfig"; sourceTree = "<group>"; };
		BDDBFA9DFBB37F21B28638EE /* Pods_Parstagram.framework */ = {isa = PBXFileReference; explicitFileType = wrapper.framework; includeInIndex = 0; path = Pods_Parstagram.framework; sourceTree = BUILT_PRODUCTS_DIR; };
		C53C1BE331DCD3176146B5CF /* Pods-ParstagramTests.release.xcconfig */ = {isa = PBXFileReference; includeInIndex = 1; lastKnownFileType = text.xcconfig; name = "Pods-ParstagramTests.release.xcconfig"; path = "Target Support Files/Pods-ParstagramTests/Pods-ParstagramTests.release.xcconfig"; sourceTree = "<group>"; };
		D91A330723B6693D002128ED /* Parstagram.app */ = {isa = PBXFileReference; explicitFileType = wrapper.application; includeInIndex = 0; path = Parstagram.app; sourceTree = BUILT_PRODUCTS_DIR; };
		D91A330A23B6693D002128ED /* AppDelegate.swift */ = {isa = PBXFileReference; lastKnownFileType = sourcecode.swift; path = AppDelegate.swift; sourceTree = "<group>"; };
		D91A330C23B6693D002128ED /* SceneDelegate.swift */ = {isa = PBXFileReference; lastKnownFileType = sourcecode.swift; path = SceneDelegate.swift; sourceTree = "<group>"; };
		D91A331123B6693D002128ED /* Base */ = {isa = PBXFileReference; lastKnownFileType = file.storyboard; name = Base; path = Base.lproj/Main.storyboard; sourceTree = "<group>"; };
		D91A331323B66941002128ED /* Assets.xcassets */ = {isa = PBXFileReference; lastKnownFileType = folder.assetcatalog; path = Assets.xcassets; sourceTree = "<group>"; };
		D91A331623B66941002128ED /* Base */ = {isa = PBXFileReference; lastKnownFileType = file.storyboard; name = Base; path = Base.lproj/LaunchScreen.storyboard; sourceTree = "<group>"; };
		D91A331823B66941002128ED /* Info.plist */ = {isa = PBXFileReference; lastKnownFileType = text.plist.xml; path = Info.plist; sourceTree = "<group>"; };
		D91A331D23B66942002128ED /* ParstagramTests.xctest */ = {isa = PBXFileReference; explicitFileType = wrapper.cfbundle; includeInIndex = 0; path = ParstagramTests.xctest; sourceTree = BUILT_PRODUCTS_DIR; };
		D91A332123B66942002128ED /* ParstagramTests.swift */ = {isa = PBXFileReference; lastKnownFileType = sourcecode.swift; path = ParstagramTests.swift; sourceTree = "<group>"; };
		D91A332323B66942002128ED /* Info.plist */ = {isa = PBXFileReference; lastKnownFileType = text.plist.xml; path = Info.plist; sourceTree = "<group>"; };
		D91A332823B66942002128ED /* ParstagramUITests.xctest */ = {isa = PBXFileReference; explicitFileType = wrapper.cfbundle; includeInIndex = 0; path = ParstagramUITests.xctest; sourceTree = BUILT_PRODUCTS_DIR; };
		D91A332C23B66942002128ED /* ParstagramUITests.swift */ = {isa = PBXFileReference; lastKnownFileType = sourcecode.swift; path = ParstagramUITests.swift; sourceTree = "<group>"; };
		D91A332E23B66942002128ED /* Info.plist */ = {isa = PBXFileReference; lastKnownFileType = text.plist.xml; path = Info.plist; sourceTree = "<group>"; };
		D94B328F23BE90E80070176D /* LoginViewController.swift */ = {isa = PBXFileReference; lastKnownFileType = sourcecode.swift; path = LoginViewController.swift; sourceTree = "<group>"; };
		D94B329123BE90F90070176D /* FeedViewController.swift */ = {isa = PBXFileReference; lastKnownFileType = sourcecode.swift; path = FeedViewController.swift; sourceTree = "<group>"; };
		D9A28C7C23BE9DB00091470D /* CameraViewController.swift */ = {isa = PBXFileReference; lastKnownFileType = sourcecode.swift; path = CameraViewController.swift; sourceTree = "<group>"; };
		D9A28C7E23BEC62E0091470D /* PostCell.swift */ = {isa = PBXFileReference; lastKnownFileType = sourcecode.swift; path = PostCell.swift; sourceTree = "<group>"; };
		F5CD317E98284684602BAAF1 /* Pods-Parstagram-ParstagramUITests.release.xcconfig */ = {isa = PBXFileReference; includeInIndex = 1; lastKnownFileType = text.xcconfig; name = "Pods-Parstagram-ParstagramUITests.release.xcconfig"; path = "Target Support Files/Pods-Parstagram-ParstagramUITests/Pods-Parstagram-ParstagramUITests.release.xcconfig"; sourceTree = "<group>"; };
		FC5A47969864E9804581EE22 /* Pods_ParstagramTests.framework */ = {isa = PBXFileReference; explicitFileType = wrapper.framework; includeInIndex = 0; path = Pods_ParstagramTests.framework; sourceTree = BUILT_PRODUCTS_DIR; };
/* End PBXFileReference section */

/* Begin PBXFrameworksBuildPhase section */
		D91A330423B6693D002128ED /* Frameworks */ = {
			isa = PBXFrameworksBuildPhase;
			buildActionMask = 2147483647;
			files = (
				A93A42341A1C4EB6485497C1 /* Pods_Parstagram.framework in Frameworks */,
			);
			runOnlyForDeploymentPostprocessing = 0;
		};
		D91A331A23B66942002128ED /* Frameworks */ = {
			isa = PBXFrameworksBuildPhase;
			buildActionMask = 2147483647;
			files = (
				48AF7F47AD05098B2A4D748A /* Pods_ParstagramTests.framework in Frameworks */,
			);
			runOnlyForDeploymentPostprocessing = 0;
		};
		D91A332523B66942002128ED /* Frameworks */ = {
			isa = PBXFrameworksBuildPhase;
			buildActionMask = 2147483647;
			files = (
				8EC49C45BCF13AD905574D48 /* Pods_Parstagram_ParstagramUITests.framework in Frameworks */,
			);
			runOnlyForDeploymentPostprocessing = 0;
		};
/* End PBXFrameworksBuildPhase section */

/* Begin PBXGroup section */
		56FEC8EC2DAC764C911C8EC4 /* Frameworks */ = {
			isa = PBXGroup;
			children = (
				BDDBFA9DFBB37F21B28638EE /* Pods_Parstagram.framework */,
				1E8DCFD11D6F9AA736B3C4F2 /* Pods_Parstagram_ParstagramUITests.framework */,
				FC5A47969864E9804581EE22 /* Pods_ParstagramTests.framework */,
			);
			name = Frameworks;
			sourceTree = "<group>";
		};
		58838DFDED1191AD0E49D3CA /* Pods */ = {
			isa = PBXGroup;
			children = (
				A3F266DF2683501078652860 /* Pods-Parstagram.debug.xcconfig */,
				496C8A57636313268375C6F2 /* Pods-Parstagram.release.xcconfig */,
				3DBBCF82A50B19D5162BCCDC /* Pods-Parstagram-ParstagramUITests.debug.xcconfig */,
				F5CD317E98284684602BAAF1 /* Pods-Parstagram-ParstagramUITests.release.xcconfig */,
				4FA92284A5894DA91DC28B98 /* Pods-ParstagramTests.debug.xcconfig */,
				C53C1BE331DCD3176146B5CF /* Pods-ParstagramTests.release.xcconfig */,
			);
			path = Pods;
			sourceTree = "<group>";
		};
		D91A32FE23B6693D002128ED = {
			isa = PBXGroup;
			children = (
				D91A330923B6693D002128ED /* Parstagram */,
				D91A332023B66942002128ED /* ParstagramTests */,
				D91A332B23B66942002128ED /* ParstagramUITests */,
				D91A330823B6693D002128ED /* Products */,
				58838DFDED1191AD0E49D3CA /* Pods */,
				56FEC8EC2DAC764C911C8EC4 /* Frameworks */,
			);
			sourceTree = "<group>";
		};
		D91A330823B6693D002128ED /* Products */ = {
			isa = PBXGroup;
			children = (
				D91A330723B6693D002128ED /* Parstagram.app */,
				D91A331D23B66942002128ED /* ParstagramTests.xctest */,
				D91A332823B66942002128ED /* ParstagramUITests.xctest */,
			);
			name = Products;
			sourceTree = "<group>";
		};
		D91A330923B6693D002128ED /* Parstagram */ = {
			isa = PBXGroup;
			children = (
				D91A330A23B6693D002128ED /* AppDelegate.swift */,
				D91A330C23B6693D002128ED /* SceneDelegate.swift */,
				D91A331023B6693D002128ED /* Main.storyboard */,
				D91A331323B66941002128ED /* Assets.xcassets */,
				D91A331523B66941002128ED /* LaunchScreen.storyboard */,
				D91A331823B66941002128ED /* Info.plist */,
				D9A28C7E23BEC62E0091470D /* PostCell.swift */,
				D94B329323BE90FD0070176D /* View Controllers */,
			);
			path = Parstagram;
			sourceTree = "<group>";
		};
		D91A332023B66942002128ED /* ParstagramTests */ = {
			isa = PBXGroup;
			children = (
				D91A332123B66942002128ED /* ParstagramTests.swift */,
				D91A332323B66942002128ED /* Info.plist */,
			);
			path = ParstagramTests;
			sourceTree = "<group>";
		};
		D91A332B23B66942002128ED /* ParstagramUITests */ = {
			isa = PBXGroup;
			children = (
				D91A332C23B66942002128ED /* ParstagramUITests.swift */,
				D91A332E23B66942002128ED /* Info.plist */,
			);
			path = ParstagramUITests;
			sourceTree = "<group>";
		};
		D94B329323BE90FD0070176D /* View Controllers */ = {
			isa = PBXGroup;
			children = (
				D94B328F23BE90E80070176D /* LoginViewController.swift */,
				D94B329123BE90F90070176D /* FeedViewController.swift */,
				D9A28C7C23BE9DB00091470D /* CameraViewController.swift */,
			);
			path = "View Controllers";
			sourceTree = "<group>";
		};
/* End PBXGroup section */

/* Begin PBXNativeTarget section */
		D91A330623B6693D002128ED /* Parstagram */ = {
			isa = PBXNativeTarget;
			buildConfigurationList = D91A333123B66942002128ED /* Build configuration list for PBXNativeTarget "Parstagram" */;
			buildPhases = (
				C2959751679F4F13AFB7A45F /* [CP] Check Pods Manifest.lock */,
				D91A330323B6693D002128ED /* Sources */,
				D91A330423B6693D002128ED /* Frameworks */,
				D91A330523B6693D002128ED /* Resources */,
				EAFA50DF71A27677545F5F91 /* [CP] Embed Pods Frameworks */,
			);
			buildRules = (
			);
			dependencies = (
			);
			name = Parstagram;
			productName = Parstagram;
			productReference = D91A330723B6693D002128ED /* Parstagram.app */;
			productType = "com.apple.product-type.application";
		};
		D91A331C23B66942002128ED /* ParstagramTests */ = {
			isa = PBXNativeTarget;
			buildConfigurationList = D91A333423B66942002128ED /* Build configuration list for PBXNativeTarget "ParstagramTests" */;
			buildPhases = (
				2D07396EAEEA5C7084254282 /* [CP] Check Pods Manifest.lock */,
				D91A331923B66942002128ED /* Sources */,
				D91A331A23B66942002128ED /* Frameworks */,
				D91A331B23B66942002128ED /* Resources */,
			);
			buildRules = (
			);
			dependencies = (
				D91A331F23B66942002128ED /* PBXTargetDependency */,
			);
			name = ParstagramTests;
			productName = ParstagramTests;
			productReference = D91A331D23B66942002128ED /* ParstagramTests.xctest */;
			productType = "com.apple.product-type.bundle.unit-test";
		};
		D91A332723B66942002128ED /* ParstagramUITests */ = {
			isa = PBXNativeTarget;
			buildConfigurationList = D91A333723B66942002128ED /* Build configuration list for PBXNativeTarget "ParstagramUITests" */;
			buildPhases = (
				41C271D2828412C2B848B7B0 /* [CP] Check Pods Manifest.lock */,
				D91A332423B66942002128ED /* Sources */,
				D91A332523B66942002128ED /* Frameworks */,
				D91A332623B66942002128ED /* Resources */,
				0CDF6A4336C826D2389236A1 /* [CP] Embed Pods Frameworks */,
			);
			buildRules = (
			);
			dependencies = (
				D91A332A23B66942002128ED /* PBXTargetDependency */,
			);
			name = ParstagramUITests;
			productName = ParstagramUITests;
			productReference = D91A332823B66942002128ED /* ParstagramUITests.xctest */;
			productType = "com.apple.product-type.bundle.ui-testing";
		};
/* End PBXNativeTarget section */

/* Begin PBXProject section */
		D91A32FF23B6693D002128ED /* Project object */ = {
			isa = PBXProject;
			attributes = {
				LastSwiftUpdateCheck = 1130;
				LastUpgradeCheck = 1130;
				ORGANIZATIONNAME = "Jonathon Chenvert";
				TargetAttributes = {
					D91A330623B6693D002128ED = {
						CreatedOnToolsVersion = 11.3;
					};
					D91A331C23B66942002128ED = {
						CreatedOnToolsVersion = 11.3;
						TestTargetID = D91A330623B6693D002128ED;
					};
					D91A332723B66942002128ED = {
						CreatedOnToolsVersion = 11.3;
						TestTargetID = D91A330623B6693D002128ED;
					};
				};
			};
			buildConfigurationList = D91A330223B6693D002128ED /* Build configuration list for PBXProject "Parstagram" */;
			compatibilityVersion = "Xcode 9.3";
			developmentRegion = en;
			hasScannedForEncodings = 0;
			knownRegions = (
				en,
				Base,
			);
			mainGroup = D91A32FE23B6693D002128ED;
			productRefGroup = D91A330823B6693D002128ED /* Products */;
			projectDirPath = "";
			projectRoot = "";
			targets = (
				D91A330623B6693D002128ED /* Parstagram */,
				D91A331C23B66942002128ED /* ParstagramTests */,
				D91A332723B66942002128ED /* ParstagramUITests */,
			);
		};
/* End PBXProject section */

/* Begin PBXResourcesBuildPhase section */
		D91A330523B6693D002128ED /* Resources */ = {
			isa = PBXResourcesBuildPhase;
			buildActionMask = 2147483647;
			files = (
				D91A331723B66941002128ED /* LaunchScreen.storyboard in Resources */,
				D91A331423B66941002128ED /* Assets.xcassets in Resources */,
				D91A331223B6693D002128ED /* Main.storyboard in Resources */,
			);
			runOnlyForDeploymentPostprocessing = 0;
		};
		D91A331B23B66942002128ED /* Resources */ = {
			isa = PBXResourcesBuildPhase;
			buildActionMask = 2147483647;
			files = (
			);
			runOnlyForDeploymentPostprocessing = 0;
		};
		D91A332623B66942002128ED /* Resources */ = {
			isa = PBXResourcesBuildPhase;
			buildActionMask = 2147483647;
			files = (
			);
			runOnlyForDeploymentPostprocessing = 0;
		};
/* End PBXResourcesBuildPhase section */

/* Begin PBXShellScriptBuildPhase section */
		0CDF6A4336C826D2389236A1 /* [CP] Embed Pods Frameworks */ = {
			isa = PBXShellScriptBuildPhase;
			buildActionMask = 2147483647;
			files = (
			);
			inputFileListPaths = (
				"${PODS_ROOT}/Target Support Files/Pods-Parstagram-ParstagramUITests/Pods-Parstagram-ParstagramUITests-frameworks-${CONFIGURATION}-input-files.xcfilelist",
			);
			name = "[CP] Embed Pods Frameworks";
			outputFileListPaths = (
				"${PODS_ROOT}/Target Support Files/Pods-Parstagram-ParstagramUITests/Pods-Parstagram-ParstagramUITests-frameworks-${CONFIGURATION}-output-files.xcfilelist",
			);
			runOnlyForDeploymentPostprocessing = 0;
			shellPath = /bin/sh;
			shellScript = "\"${PODS_ROOT}/Target Support Files/Pods-Parstagram-ParstagramUITests/Pods-Parstagram-ParstagramUITests-frameworks.sh\"\n";
			showEnvVarsInLog = 0;
		};
		2D07396EAEEA5C7084254282 /* [CP] Check Pods Manifest.lock */ = {
			isa = PBXShellScriptBuildPhase;
			buildActionMask = 2147483647;
			files = (
			);
			inputFileListPaths = (
			);
			inputPaths = (
				"${PODS_PODFILE_DIR_PATH}/Podfile.lock",
				"${PODS_ROOT}/Manifest.lock",
			);
			name = "[CP] Check Pods Manifest.lock";
			outputFileListPaths = (
			);
			outputPaths = (
				"$(DERIVED_FILE_DIR)/Pods-ParstagramTests-checkManifestLockResult.txt",
			);
			runOnlyForDeploymentPostprocessing = 0;
			shellPath = /bin/sh;
			shellScript = "diff \"${PODS_PODFILE_DIR_PATH}/Podfile.lock\" \"${PODS_ROOT}/Manifest.lock\" > /dev/null\nif [ $? != 0 ] ; then\n    # print error to STDERR\n    echo \"error: The sandbox is not in sync with the Podfile.lock. Run 'pod install' or update your CocoaPods installation.\" >&2\n    exit 1\nfi\n# This output is used by Xcode 'outputs' to avoid re-running this script phase.\necho \"SUCCESS\" > \"${SCRIPT_OUTPUT_FILE_0}\"\n";
			showEnvVarsInLog = 0;
		};
		41C271D2828412C2B848B7B0 /* [CP] Check Pods Manifest.lock */ = {
			isa = PBXShellScriptBuildPhase;
			buildActionMask = 2147483647;
			files = (
			);
			inputFileListPaths = (
			);
			inputPaths = (
				"${PODS_PODFILE_DIR_PATH}/Podfile.lock",
				"${PODS_ROOT}/Manifest.lock",
			);
			name = "[CP] Check Pods Manifest.lock";
			outputFileListPaths = (
			);
			outputPaths = (
				"$(DERIVED_FILE_DIR)/Pods-Parstagram-ParstagramUITests-checkManifestLockResult.txt",
			);
			runOnlyForDeploymentPostprocessing = 0;
			shellPath = /bin/sh;
			shellScript = "diff \"${PODS_PODFILE_DIR_PATH}/Podfile.lock\" \"${PODS_ROOT}/Manifest.lock\" > /dev/null\nif [ $? != 0 ] ; then\n    # print error to STDERR\n    echo \"error: The sandbox is not in sync with the Podfile.lock. Run 'pod install' or update your CocoaPods installation.\" >&2\n    exit 1\nfi\n# This output is used by Xcode 'outputs' to avoid re-running this script phase.\necho \"SUCCESS\" > \"${SCRIPT_OUTPUT_FILE_0}\"\n";
			showEnvVarsInLog = 0;
		};
		C2959751679F4F13AFB7A45F /* [CP] Check Pods Manifest.lock */ = {
			isa = PBXShellScriptBuildPhase;
			buildActionMask = 2147483647;
			files = (
			);
			inputFileListPaths = (
			);
			inputPaths = (
				"${PODS_PODFILE_DIR_PATH}/Podfile.lock",
				"${PODS_ROOT}/Manifest.lock",
			);
			name = "[CP] Check Pods Manifest.lock";
			outputFileListPaths = (
			);
			outputPaths = (
				"$(DERIVED_FILE_DIR)/Pods-Parstagram-checkManifestLockResult.txt",
			);
			runOnlyForDeploymentPostprocessing = 0;
			shellPath = /bin/sh;
			shellScript = "diff \"${PODS_PODFILE_DIR_PATH}/Podfile.lock\" \"${PODS_ROOT}/Manifest.lock\" > /dev/null\nif [ $? != 0 ] ; then\n    # print error to STDERR\n    echo \"error: The sandbox is not in sync with the Podfile.lock. Run 'pod install' or update your CocoaPods installation.\" >&2\n    exit 1\nfi\n# This output is used by Xcode 'outputs' to avoid re-running this script phase.\necho \"SUCCESS\" > \"${SCRIPT_OUTPUT_FILE_0}\"\n";
			showEnvVarsInLog = 0;
		};
		EAFA50DF71A27677545F5F91 /* [CP] Embed Pods Frameworks */ = {
			isa = PBXShellScriptBuildPhase;
			buildActionMask = 2147483647;
			files = (
			);
			inputFileListPaths = (
				"${PODS_ROOT}/Target Support Files/Pods-Parstagram/Pods-Parstagram-frameworks-${CONFIGURATION}-input-files.xcfilelist",
			);
			name = "[CP] Embed Pods Frameworks";
			outputFileListPaths = (
				"${PODS_ROOT}/Target Support Files/Pods-Parstagram/Pods-Parstagram-frameworks-${CONFIGURATION}-output-files.xcfilelist",
			);
			runOnlyForDeploymentPostprocessing = 0;
			shellPath = /bin/sh;
			shellScript = "\"${PODS_ROOT}/Target Support Files/Pods-Parstagram/Pods-Parstagram-frameworks.sh\"\n";
			showEnvVarsInLog = 0;
		};
/* End PBXShellScriptBuildPhase section */

/* Begin PBXSourcesBuildPhase section */
		D91A330323B6693D002128ED /* Sources */ = {
			isa = PBXSourcesBuildPhase;
			buildActionMask = 2147483647;
			files = (
				D94B329023BE90E80070176D /* LoginViewController.swift in Sources */,
				D9A28C7D23BE9DB00091470D /* CameraViewController.swift in Sources */,
				D91A330B23B6693D002128ED /* AppDelegate.swift in Sources */,
				D94B329223BE90F90070176D /* FeedViewController.swift in Sources */,
				D91A330D23B6693D002128ED /* SceneDelegate.swift in Sources */,
				D9A28C7F23BEC62E0091470D /* PostCell.swift in Sources */,
			);
			runOnlyForDeploymentPostprocessing = 0;
		};
		D91A331923B66942002128ED /* Sources */ = {
			isa = PBXSourcesBuildPhase;
			buildActionMask = 2147483647;
			files = (
				D91A332223B66942002128ED /* ParstagramTests.swift in Sources */,
			);
			runOnlyForDeploymentPostprocessing = 0;
		};
		D91A332423B66942002128ED /* Sources */ = {
			isa = PBXSourcesBuildPhase;
			buildActionMask = 2147483647;
			files = (
				D91A332D23B66942002128ED /* ParstagramUITests.swift in Sources */,
			);
			runOnlyForDeploymentPostprocessing = 0;
		};
/* End PBXSourcesBuildPhase section */

/* Begin PBXTargetDependency section */
		D91A331F23B66942002128ED /* PBXTargetDependency */ = {
			isa = PBXTargetDependency;
			target = D91A330623B6693D002128ED /* Parstagram */;
			targetProxy = D91A331E23B66942002128ED /* PBXContainerItemProxy */;
		};
		D91A332A23B66942002128ED /* PBXTargetDependency */ = {
			isa = PBXTargetDependency;
			target = D91A330623B6693D002128ED /* Parstagram */;
			targetProxy = D91A332923B66942002128ED /* PBXContainerItemProxy */;
		};
/* End PBXTargetDependency section */

/* Begin PBXVariantGroup section */
		D91A331023B6693D002128ED /* Main.storyboard */ = {
			isa = PBXVariantGroup;
			children = (
				D91A331123B6693D002128ED /* Base */,
			);
			name = Main.storyboard;
			sourceTree = "<group>";
		};
		D91A331523B66941002128ED /* LaunchScreen.storyboard */ = {
			isa = PBXVariantGroup;
			children = (
				D91A331623B66941002128ED /* Base */,
			);
			name = LaunchScreen.storyboard;
			sourceTree = "<group>";
		};
/* End PBXVariantGroup section */

/* Begin XCBuildConfiguration section */
		D91A332F23B66942002128ED /* Debug */ = {
			isa = XCBuildConfiguration;
			buildSettings = {
				ALWAYS_SEARCH_USER_PATHS = NO;
				CLANG_ANALYZER_NONNULL = YES;
				CLANG_ANALYZER_NUMBER_OBJECT_CONVERSION = YES_AGGRESSIVE;
				CLANG_CXX_LANGUAGE_STANDARD = "gnu++14";
				CLANG_CXX_LIBRARY = "libc++";
				CLANG_ENABLE_MODULES = YES;
				CLANG_ENABLE_OBJC_ARC = YES;
				CLANG_ENABLE_OBJC_WEAK = YES;
				CLANG_WARN_BLOCK_CAPTURE_AUTORELEASING = YES;
				CLANG_WARN_BOOL_CONVERSION = YES;
				CLANG_WARN_COMMA = YES;
				CLANG_WARN_CONSTANT_CONVERSION = YES;
				CLANG_WARN_DEPRECATED_OBJC_IMPLEMENTATIONS = YES;
				CLANG_WARN_DIRECT_OBJC_ISA_USAGE = YES_ERROR;
				CLANG_WARN_DOCUMENTATION_COMMENTS = YES;
				CLANG_WARN_EMPTY_BODY = YES;
				CLANG_WARN_ENUM_CONVERSION = YES;
				CLANG_WARN_INFINITE_RECURSION = YES;
				CLANG_WARN_INT_CONVERSION = YES;
				CLANG_WARN_NON_LITERAL_NULL_CONVERSION = YES;
				CLANG_WARN_OBJC_IMPLICIT_RETAIN_SELF = YES;
				CLANG_WARN_OBJC_LITERAL_CONVERSION = YES;
				CLANG_WARN_OBJC_ROOT_CLASS = YES_ERROR;
				CLANG_WARN_RANGE_LOOP_ANALYSIS = YES;
				CLANG_WARN_STRICT_PROTOTYPES = YES;
				CLANG_WARN_SUSPICIOUS_MOVE = YES;
				CLANG_WARN_UNGUARDED_AVAILABILITY = YES_AGGRESSIVE;
				CLANG_WARN_UNREACHABLE_CODE = YES;
				CLANG_WARN__DUPLICATE_METHOD_MATCH = YES;
				COPY_PHASE_STRIP = NO;
				DEBUG_INFORMATION_FORMAT = dwarf;
				ENABLE_STRICT_OBJC_MSGSEND = YES;
				ENABLE_TESTABILITY = YES;
				GCC_C_LANGUAGE_STANDARD = gnu11;
				GCC_DYNAMIC_NO_PIC = NO;
				GCC_NO_COMMON_BLOCKS = YES;
				GCC_OPTIMIZATION_LEVEL = 0;
				GCC_PREPROCESSOR_DEFINITIONS = (
					"DEBUG=1",
					"$(inherited)",
				);
				GCC_WARN_64_TO_32_BIT_CONVERSION = YES;
				GCC_WARN_ABOUT_RETURN_TYPE = YES_ERROR;
				GCC_WARN_UNDECLARED_SELECTOR = YES;
				GCC_WARN_UNINITIALIZED_AUTOS = YES_AGGRESSIVE;
				GCC_WARN_UNUSED_FUNCTION = YES;
				GCC_WARN_UNUSED_VARIABLE = YES;
				IPHONEOS_DEPLOYMENT_TARGET = 13.2;
				MTL_ENABLE_DEBUG_INFO = INCLUDE_SOURCE;
				MTL_FAST_MATH = YES;
				ONLY_ACTIVE_ARCH = YES;
				SDKROOT = iphoneos;
				SWIFT_ACTIVE_COMPILATION_CONDITIONS = DEBUG;
				SWIFT_OPTIMIZATION_LEVEL = "-Onone";
			};
			name = Debug;
		};
		D91A333023B66942002128ED /* Release */ = {
			isa = XCBuildConfiguration;
			buildSettings = {
				ALWAYS_SEARCH_USER_PATHS = NO;
				CLANG_ANALYZER_NONNULL = YES;
				CLANG_ANALYZER_NUMBER_OBJECT_CONVERSION = YES_AGGRESSIVE;
				CLANG_CXX_LANGUAGE_STANDARD = "gnu++14";
				CLANG_CXX_LIBRARY = "libc++";
				CLANG_ENABLE_MODULES = YES;
				CLANG_ENABLE_OBJC_ARC = YES;
				CLANG_ENABLE_OBJC_WEAK = YES;
				CLANG_WARN_BLOCK_CAPTURE_AUTORELEASING = YES;
				CLANG_WARN_BOOL_CONVERSION = YES;
				CLANG_WARN_COMMA = YES;
				CLANG_WARN_CONSTANT_CONVERSION = YES;
				CLANG_WARN_DEPRECATED_OBJC_IMPLEMENTATIONS = YES;
				CLANG_WARN_DIRECT_OBJC_ISA_USAGE = YES_ERROR;
				CLANG_WARN_DOCUMENTATION_COMMENTS = YES;
				CLANG_WARN_EMPTY_BODY = YES;
				CLANG_WARN_ENUM_CONVERSION = YES;
				CLANG_WARN_INFINITE_RECURSION = YES;
				CLANG_WARN_INT_CONVERSION = YES;
				CLANG_WARN_NON_LITERAL_NULL_CONVERSION = YES;
				CLANG_WARN_OBJC_IMPLICIT_RETAIN_SELF = YES;
				CLANG_WARN_OBJC_LITERAL_CONVERSION = YES;
				CLANG_WARN_OBJC_ROOT_CLASS = YES_ERROR;
				CLANG_WARN_RANGE_LOOP_ANALYSIS = YES;
				CLANG_WARN_STRICT_PROTOTYPES = YES;
				CLANG_WARN_SUSPICIOUS_MOVE = YES;
				CLANG_WARN_UNGUARDED_AVAILABILITY = YES_AGGRESSIVE;
				CLANG_WARN_UNREACHABLE_CODE = YES;
				CLANG_WARN__DUPLICATE_METHOD_MATCH = YES;
				COPY_PHASE_STRIP = NO;
				DEBUG_INFORMATION_FORMAT = "dwarf-with-dsym";
				ENABLE_NS_ASSERTIONS = NO;
				ENABLE_STRICT_OBJC_MSGSEND = YES;
				GCC_C_LANGUAGE_STANDARD = gnu11;
				GCC_NO_COMMON_BLOCKS = YES;
				GCC_WARN_64_TO_32_BIT_CONVERSION = YES;
				GCC_WARN_ABOUT_RETURN_TYPE = YES_ERROR;
				GCC_WARN_UNDECLARED_SELECTOR = YES;
				GCC_WARN_UNINITIALIZED_AUTOS = YES_AGGRESSIVE;
				GCC_WARN_UNUSED_FUNCTION = YES;
				GCC_WARN_UNUSED_VARIABLE = YES;
				IPHONEOS_DEPLOYMENT_TARGET = 13.2;
				MTL_ENABLE_DEBUG_INFO = NO;
				MTL_FAST_MATH = YES;
				SDKROOT = iphoneos;
				SWIFT_COMPILATION_MODE = wholemodule;
				SWIFT_OPTIMIZATION_LEVEL = "-O";
				VALIDATE_PRODUCT = YES;
			};
			name = Release;
		};
		D91A333223B66942002128ED /* Debug */ = {
			isa = XCBuildConfiguration;
			baseConfigurationReference = A3F266DF2683501078652860 /* Pods-Parstagram.debug.xcconfig */;
			buildSettings = {
				ASSETCATALOG_COMPILER_APPICON_NAME = AppIcon;
				CODE_SIGN_STYLE = Automatic;
				DEVELOPMENT_TEAM = NYLV7H6AAY;
				INFOPLIST_FILE = Parstagram/Info.plist;
				LD_RUNPATH_SEARCH_PATHS = (
					"$(inherited)",
					"@executable_path/Frameworks",
				);
				PRODUCT_BUNDLE_IDENTIFIER = com.jchenvert.Parstagram;
				PRODUCT_NAME = "$(TARGET_NAME)";
				SWIFT_VERSION = 5.0;
				TARGETED_DEVICE_FAMILY = "1,2";
			};
			name = Debug;
		};
		D91A333323B66942002128ED /* Release */ = {
			isa = XCBuildConfiguration;
			baseConfigurationReference = 496C8A57636313268375C6F2 /* Pods-Parstagram.release.xcconfig */;
			buildSettings = {
				ASSETCATALOG_COMPILER_APPICON_NAME = AppIcon;
				CODE_SIGN_STYLE = Automatic;
				DEVELOPMENT_TEAM = NYLV7H6AAY;
				INFOPLIST_FILE = Parstagram/Info.plist;
				LD_RUNPATH_SEARCH_PATHS = (
					"$(inherited)",
					"@executable_path/Frameworks",
				);
				PRODUCT_BUNDLE_IDENTIFIER = com.jchenvert.Parstagram;
				PRODUCT_NAME = "$(TARGET_NAME)";
				SWIFT_VERSION = 5.0;
				TARGETED_DEVICE_FAMILY = "1,2";
			};
			name = Release;
		};
		D91A333523B66942002128ED /* Debug */ = {
			isa = XCBuildConfiguration;
			baseConfigurationReference = 4FA92284A5894DA91DC28B98 /* Pods-ParstagramTests.debug.xcconfig */;
			buildSettings = {
				ALWAYS_EMBED_SWIFT_STANDARD_LIBRARIES = YES;
				BUNDLE_LOADER = "$(TEST_HOST)";
				CODE_SIGN_STYLE = Automatic;
				DEVELOPMENT_TEAM = NYLV7H6AAY;
				INFOPLIST_FILE = ParstagramTests/Info.plist;
				IPHONEOS_DEPLOYMENT_TARGET = 13.2;
				LD_RUNPATH_SEARCH_PATHS = (
					"$(inherited)",
					"@executable_path/Frameworks",
					"@loader_path/Frameworks",
				);
				PRODUCT_BUNDLE_IDENTIFIER = com.jchenvert.ParstagramTests;
				PRODUCT_NAME = "$(TARGET_NAME)";
				SWIFT_VERSION = 5.0;
				TARGETED_DEVICE_FAMILY = "1,2";
				TEST_HOST = "$(BUILT_PRODUCTS_DIR)/Parstagram.app/Parstagram";
			};
			name = Debug;
		};
		D91A333623B66942002128ED /* Release */ = {
			isa = XCBuildConfiguration;
			baseConfigurationReference = C53C1BE331DCD3176146B5CF /* Pods-ParstagramTests.release.xcconfig */;
			buildSettings = {
				ALWAYS_EMBED_SWIFT_STANDARD_LIBRARIES = YES;
				BUNDLE_LOADER = "$(TEST_HOST)";
				CODE_SIGN_STYLE = Automatic;
				DEVELOPMENT_TEAM = NYLV7H6AAY;
				INFOPLIST_FILE = ParstagramTests/Info.plist;
				IPHONEOS_DEPLOYMENT_TARGET = 13.2;
				LD_RUNPATH_SEARCH_PATHS = (
					"$(inherited)",
					"@executable_path/Frameworks",
					"@loader_path/Frameworks",
				);
				PRODUCT_BUNDLE_IDENTIFIER = com.jchenvert.ParstagramTests;
				PRODUCT_NAME = "$(TARGET_NAME)";
				SWIFT_VERSION = 5.0;
				TARGETED_DEVICE_FAMILY = "1,2";
				TEST_HOST = "$(BUILT_PRODUCTS_DIR)/Parstagram.app/Parstagram";
			};
			name = Release;
		};
		D91A333823B66942002128ED /* Debug */ = {
			isa = XCBuildConfiguration;
			baseConfigurationReference = 3DBBCF82A50B19D5162BCCDC /* Pods-Parstagram-ParstagramUITests.debug.xcconfig */;
			buildSettings = {
				ALWAYS_EMBED_SWIFT_STANDARD_LIBRARIES = YES;
				CODE_SIGN_STYLE = Automatic;
				DEVELOPMENT_TEAM = NYLV7H6AAY;
				INFOPLIST_FILE = ParstagramUITests/Info.plist;
				LD_RUNPATH_SEARCH_PATHS = (
					"$(inherited)",
					"@executable_path/Frameworks",
					"@loader_path/Frameworks",
				);
				PRODUCT_BUNDLE_IDENTIFIER = com.jchenvert.ParstagramUITests;
				PRODUCT_NAME = "$(TARGET_NAME)";
				SWIFT_VERSION = 5.0;
				TARGETED_DEVICE_FAMILY = "1,2";
				TEST_TARGET_NAME = Parstagram;
			};
			name = Debug;
		};
		D91A333923B66942002128ED /* Release */ = {
			isa = XCBuildConfiguration;
			baseConfigurationReference = F5CD317E98284684602BAAF1 /* Pods-Parstagram-ParstagramUITests.release.xcconfig */;
			buildSettings = {
				ALWAYS_EMBED_SWIFT_STANDARD_LIBRARIES = YES;
				CODE_SIGN_STYLE = Automatic;
				DEVELOPMENT_TEAM = NYLV7H6AAY;
				INFOPLIST_FILE = ParstagramUITests/Info.plist;
				LD_RUNPATH_SEARCH_PATHS = (
					"$(inherited)",
					"@executable_path/Frameworks",
					"@loader_path/Frameworks",
				);
				PRODUCT_BUNDLE_IDENTIFIER = com.jchenvert.ParstagramUITests;
				PRODUCT_NAME = "$(TARGET_NAME)";
				SWIFT_VERSION = 5.0;
				TARGETED_DEVICE_FAMILY = "1,2";
				TEST_TARGET_NAME = Parstagram;
			};
			name = Release;
		};
/* End XCBuildConfiguration section */

/* Begin XCConfigurationList section */
		D91A330223B6693D002128ED /* Build configuration list for PBXProject "Parstagram" */ = {
			isa = XCConfigurationList;
			buildConfigurations = (
				D91A332F23B66942002128ED /* Debug */,
				D91A333023B66942002128ED /* Release */,
			);
			defaultConfigurationIsVisible = 0;
			defaultConfigurationName = Release;
		};
		D91A333123B66942002128ED /* Build configuration list for PBXNativeTarget "Parstagram" */ = {
			isa = XCConfigurationList;
			buildConfigurations = (
				D91A333223B66942002128ED /* Debug */,
				D91A333323B66942002128ED /* Release */,
			);
			defaultConfigurationIsVisible = 0;
			defaultConfigurationName = Release;
		};
		D91A333423B66942002128ED /* Build configuration list for PBXNativeTarget "ParstagramTests" */ = {
			isa = XCConfigurationList;
			buildConfigurations = (
				D91A333523B66942002128ED /* Debug */,
				D91A333623B66942002128ED /* Release */,
			);
			defaultConfigurationIsVisible = 0;
			defaultConfigurationName = Release;
		};
		D91A333723B66942002128ED /* Build configuration list for PBXNativeTarget "ParstagramUITests" */ = {
			isa = XCConfigurationList;
			buildConfigurations = (
				D91A333823B66942002128ED /* Debug */,
				D91A333923B66942002128ED /* Release */,
			);
			defaultConfigurationIsVisible = 0;
			defaultConfigurationName = Release;
		};
/* End XCConfigurationList section */
	};
	rootObject = D91A32FF23B6693D002128ED /* Project object */;
}
